{
  "version": 4,
  "terraform_version": "1.5.5",
  "serial": 12,
  "lineage": "a5886744-fb14-b723-c0a1-9df3ba88c4e1",
  "outputs": {
    "apim_gateway_url": {
      "value": "https://devops-apim.azure-api.net",
      "type": "string"
    },
    "openai_endpoint": {
      "value": "https://devops-openai-custom.openai.azure.com/",
      "type": "string"
    },
    "openai_name": {
      "value": "devops-openai",
      "type": "string"
    },
    "search_endpoint": {
      "value": "https://devops-search.search.windows.net",
      "type": "string"
    },
    "search_name": {
      "value": "devops-search",
      "type": "string"
    }
  },
  "resources": [
    {
      "mode": "managed",
      "type": "azurerm_api_management",
      "name": "apim",
      "provider": "provider[\"registry.terraform.io/hashicorp/azurerm\"]",
      "instances": [
        {
          "schema_version": 0,
          "attributes": {
            "additional_location": [],
            "certificate": [],
            "client_certificate_enabled": false,
            "delegation": [
              {
                "subscriptions_enabled": false,
                "url": "",
                "user_registration_enabled": false,
                "validation_key": ""
              }
            ],
            "developer_portal_url": "https://devops-apim.developer.azure-api.net",
            "gateway_disabled": false,
            "gateway_regional_url": "https://devops-apim-westus-01.regional.azure-api.net",
            "gateway_url": "https://devops-apim.azure-api.net",
            "hostname_configuration": [
              {
                "developer_portal": [],
                "management": [],
                "portal": [],
                "proxy": [
                  {
                    "certificate": "",
                    "certificate_password": "",
                    "certificate_source": "BuiltIn",
                    "certificate_status": "",
                    "default_ssl_binding": true,
                    "expiry": "",
                    "host_name": "devops-apim.azure-api.net",
                    "key_vault_id": "",
                    "negotiate_client_certificate": false,
                    "ssl_keyvault_identity_client_id": "",
                    "subject": "",
                    "thumbprint": ""
                  }
                ],
                "scm": []
              }
            ],
            "id": "/subscriptions/955faad9-ebe9-4a85-9974-acae429ae877/resourceGroups/devops-openai-rg/providers/Microsoft.ApiManagement/service/devops-apim",
            "identity": [],
            "location": "westus",
            "management_api_url": "https://devops-apim.management.azure-api.net",
            "min_api_version": "",
            "name": "devops-apim",
            "notification_sender_email": "apimgmt-noreply@mail.windowsazure.com",
            "portal_url": "https://devops-apim.portal.azure-api.net",
            "private_ip_addresses": [],
            "protocols": [
              {
                "enable_http2": false
              }
            ],
            "public_ip_address_id": "",
            "public_ip_addresses": [
              "172.184.201.121"
            ],
            "public_network_access_enabled": true,
            "publisher_email": "devops@example.com",
            "publisher_name": "DevOps Team",
            "resource_group_name": "devops-openai-rg",
            "scm_url": "https://devops-apim.scm.azure-api.net",
            "security": [
              {
                "enable_backend_ssl30": false,
                "enable_backend_tls10": false,
                "enable_backend_tls11": false,
                "enable_frontend_ssl30": false,
                "enable_frontend_tls10": false,
                "enable_frontend_tls11": false,
                "tls_ecdhe_ecdsa_with_aes128_cbc_sha_ciphers_enabled": false,
                "tls_ecdhe_ecdsa_with_aes256_cbc_sha_ciphers_enabled": false,
                "tls_ecdhe_rsa_with_aes128_cbc_sha_ciphers_enabled": false,
                "tls_ecdhe_rsa_with_aes256_cbc_sha_ciphers_enabled": false,
                "tls_rsa_with_aes128_cbc_sha256_ciphers_enabled": false,
                "tls_rsa_with_aes128_cbc_sha_ciphers_enabled": false,
                "tls_rsa_with_aes128_gcm_sha256_ciphers_enabled": false,
                "tls_rsa_with_aes256_cbc_sha256_ciphers_enabled": false,
                "tls_rsa_with_aes256_cbc_sha_ciphers_enabled": false,
                "tls_rsa_with_aes256_gcm_sha384_ciphers_enabled": false,
                "triple_des_ciphers_enabled": false
              }
            ],
            "sign_in": [
              {
                "enabled": false
              }
            ],
            "sign_up": [
              {
                "enabled": false,
                "terms_of_service": [
                  {
                    "consent_required": false,
                    "enabled": false,
                    "text": ""
                  }
                ]
              }
            ],
            "sku_name": "Developer_1",
            "tags": {},
            "tenant_access": [
              {
                "enabled": false,
                "primary_key": "0k9jgbzM608QFmyeb9j/GNlODnSClaDjawUGSztvoRGbzugLYv5kWttZ2+DZm3nF5qLlzc+RrKgKXQgXEw3gCg==",
                "secondary_key": "nsOGk6rqmmxSvNWrRBZwYhia6t6K1UWzouZXAan8OOkX1TjsV6AlU04VxgTEx5HalF3VlDXGW2AIEW843KExDQ==",
                "tenant_id": "/tenant/access"
              }
            ],
            "timeouts": null,
            "virtual_network_configuration": [],
            "virtual_network_type": "None",
            "zones": []
          },
          "sensitive_attributes": [],
          "private": "eyJlMmJmYjczMC1lY2FhLTExZTYtOGY4OC0zNDM2M2JjN2M0YzAiOnsiY3JlYXRlIjoxMDgwMDAwMDAwMDAwMCwiZGVsZXRlIjoxMDgwMDAwMDAwMDAwMCwicmVhZCI6MzAwMDAwMDAwMDAwLCJ1cGRhdGUiOjEwODAwMDAwMDAwMDAwfX0=",
          "dependencies": [
            "azurerm_resource_group.rg"
          ]
        }
      ]
    },
    {
      "mode": "managed",
      "type": "azurerm_cognitive_account",
      "name": "openai",
      "provider": "provider[\"registry.terraform.io/hashicorp/azurerm\"]",
      "instances": [
        {
          "schema_version": 0,
          "attributes": {
            "custom_question_answering_search_service_id": "",
            "custom_question_answering_search_service_key": null,
            "custom_subdomain_name": "devops-openai-custom",
            "customer_managed_key": [],
            "dynamic_throttling_enabled": false,
            "endpoint": "https://devops-openai-custom.openai.azure.com/",
            "fqdns": [],
            "id": "/subscriptions/955faad9-ebe9-4a85-9974-acae429ae877/resourceGroups/devops-openai-rg/providers/Microsoft.CognitiveServices/accounts/devops-openai",
            "identity": [],
            "kind": "OpenAI",
            "local_auth_enabled": true,
            "location": "westus",
            "metrics_advisor_aad_client_id": "",
            "metrics_advisor_aad_tenant_id": "",
            "metrics_advisor_super_user_name": "",
            "metrics_advisor_website_name": "",
            "name": "devops-openai",
            "network_acls": [],
            "outbound_network_access_restricted": false,
            "primary_access_key": "C61lSp4Ps3S7ibVVZtRxFiBCWa968yStcv3R6XKa8w0ZmvQ1RWtMJQQJ99BCAC4f1cMXJ3w3AAABACOGOPVY",
            "public_network_access_enabled": false,
            "qna_runtime_endpoint": "",
            "resource_group_name": "devops-openai-rg",
            "secondary_access_key": "CZUD9QphhsdmbQ4j30x5ZscnfZbKFUlWqHDw2yt3BtQ30FAMGG0VJQQJ99BCAC4f1cMXJ3w3AAABACOGsodp",
            "sku_name": "S0",
            "storage": [],
            "tags": {},
            "timeouts": null
          },
          "sensitive_attributes": [],
          "private": "eyJlMmJmYjczMC1lY2FhLTExZTYtOGY4OC0zNDM2M2JjN2M0YzAiOnsiY3JlYXRlIjoxODAwMDAwMDAwMDAwLCJkZWxldGUiOjE4MDAwMDAwMDAwMDAsInJlYWQiOjMwMDAwMDAwMDAwMCwidXBkYXRlIjoxODAwMDAwMDAwMDAwfX0=",
          "dependencies": [
            "azurerm_resource_group.rg"
          ]
        }
      ]
    },
    {
      "mode": "managed",
      "type": "azurerm_cognitive_deployment",
      "name": "gpt_model",
      "provider": "provider[\"registry.terraform.io/hashicorp/azurerm\"]",
      "instances": [
        {
          "schema_version": 0,
          "attributes": {
            "cognitive_account_id": "/subscriptions/955faad9-ebe9-4a85-9974-acae429ae877/resourceGroups/devops-openai-rg/providers/Microsoft.CognitiveServices/accounts/devops-openai",
            "dynamic_throttling_enabled": false,
            "id": "/subscriptions/955faad9-ebe9-4a85-9974-acae429ae877/resourceGroups/devops-openai-rg/providers/Microsoft.CognitiveServices/accounts/devops-openai/deployments/gpt-35-turbo",
            "model": [
              {
                "format": "OpenAI",
                "name": "gpt-35-turbo",
                "version": "1106"
              }
            ],
            "name": "gpt-35-turbo",
            "rai_policy_name": "",
            "sku": [
              {
                "capacity": 10,
                "family": "",
                "name": "Standard",
                "size": "",
                "tier": ""
              }
            ],
            "timeouts": null,
            "version_upgrade_option": "OnceNewDefaultVersionAvailable"
          },
          "sensitive_attributes": [],
          "private": "eyJlMmJmYjczMC1lY2FhLTExZTYtOGY4OC0zNDM2M2JjN2M0YzAiOnsiY3JlYXRlIjoxODAwMDAwMDAwMDAwLCJkZWxldGUiOjE4MDAwMDAwMDAwMDAsInJlYWQiOjMwMDAwMDAwMDAwMCwidXBkYXRlIjoxODAwMDAwMDAwMDAwfX0=",
          "dependencies": [
            "azurerm_cognitive_account.openai"
          ]
        }
      ]
    },
    {
      "mode": "managed",
      "type": "azurerm_private_endpoint",
      "name": "apim_pe",
      "provider": "provider[\"registry.terraform.io/hashicorp/azurerm\"]",
      "instances": [
        {
          "schema_version": 0,
          "attributes": {
            "custom_dns_configs": [
              {
                "fqdn": "devops-apim.azure-api.net",
                "ip_addresses": [
                  "10.0.1.5"
                ]
              }
            ],
            "custom_network_interface_name": "",
            "id": "/subscriptions/955faad9-ebe9-4a85-9974-acae429ae877/resourceGroups/devops-openai-rg/providers/Microsoft.Network/privateEndpoints/apim-private-endpoint",
            "ip_configuration": [],
            "location": "westus",
            "name": "apim-private-endpoint",
            "network_interface": [
              {
                "id": "/subscriptions/955faad9-ebe9-4a85-9974-acae429ae877/resourceGroups/devops-openai-rg/providers/Microsoft.Network/networkInterfaces/apim-private-endpoint.nic.ade085d1-1924-492b-985e-e07df68b4bd7",
                "name": "apim-private-endpoint.nic.ade085d1-1924-492b-985e-e07df68b4bd7"
              }
            ],
            "private_dns_zone_configs": [],
            "private_dns_zone_group": [],
            "private_service_connection": [
              {
                "is_manual_connection": false,
                "name": "apim-connection",
                "private_connection_resource_alias": "",
                "private_connection_resource_id": "/subscriptions/955faad9-ebe9-4a85-9974-acae429ae877/resourceGroups/devops-openai-rg/providers/Microsoft.ApiManagement/service/devops-apim",
                "private_ip_address": "10.0.1.5",
                "request_message": "",
                "subresource_names": [
                  "Gateway"
                ]
              }
            ],
            "resource_group_name": "devops-openai-rg",
            "subnet_id": "/subscriptions/955faad9-ebe9-4a85-9974-acae429ae877/resourceGroups/devops-openai-rg/providers/Microsoft.Network/virtualNetworks/devops-vnet/subnets/private-subnet",
            "tags": {},
            "timeouts": null
          },
          "sensitive_attributes": [],
          "private": "eyJlMmJmYjczMC1lY2FhLTExZTYtOGY4OC0zNDM2M2JjN2M0YzAiOnsiY3JlYXRlIjozNjAwMDAwMDAwMDAwLCJkZWxldGUiOjM2MDAwMDAwMDAwMDAsInJlYWQiOjMwMDAwMDAwMDAwMCwidXBkYXRlIjozNjAwMDAwMDAwMDAwfX0=",
          "dependencies": [
            "azurerm_api_management.apim",
            "azurerm_resource_group.rg",
            "azurerm_subnet.subnet",
            "azurerm_virtual_network.vnet"
          ]
        }
      ]
    },
    {
      "mode": "managed",
      "type": "azurerm_private_endpoint",
      "name": "openai_pe",
      "provider": "provider[\"registry.terraform.io/hashicorp/azurerm\"]",
      "instances": [
        {
          "schema_version": 0,
          "attributes": {
            "custom_dns_configs": [
              {
                "fqdn": "devops-openai-custom.openai.azure.com",
                "ip_addresses": [
                  "10.0.1.4"
                ]
              }
            ],
            "custom_network_interface_name": "",
            "id": "/subscriptions/955faad9-ebe9-4a85-9974-acae429ae877/resourceGroups/devops-openai-rg/providers/Microsoft.Network/privateEndpoints/openai-private-endpoint",
            "ip_configuration": [],
            "location": "westus",
            "name": "openai-private-endpoint",
            "network_interface": [
              {
                "id": "/subscriptions/955faad9-ebe9-4a85-9974-acae429ae877/resourceGroups/devops-openai-rg/providers/Microsoft.Network/networkInterfaces/openai-private-endpoint.nic.9088173c-5e2c-4e87-a273-a866ab84d7d0",
                "name": "openai-private-endpoint.nic.9088173c-5e2c-4e87-a273-a866ab84d7d0"
              }
            ],
            "private_dns_zone_configs": [],
            "private_dns_zone_group": [],
            "private_service_connection": [
              {
                "is_manual_connection": false,
                "name": "openai-connection",
                "private_connection_resource_alias": "",
                "private_connection_resource_id": "/subscriptions/955faad9-ebe9-4a85-9974-acae429ae877/resourceGroups/devops-openai-rg/providers/Microsoft.CognitiveServices/accounts/devops-openai",
                "private_ip_address": "10.0.1.4",
                "request_message": "",
                "subresource_names": [
                  "account"
                ]
              }
            ],
            "resource_group_name": "devops-openai-rg",
            "subnet_id": "/subscriptions/955faad9-ebe9-4a85-9974-acae429ae877/resourceGroups/devops-openai-rg/providers/Microsoft.Network/virtualNetworks/devops-vnet/subnets/private-subnet",
            "tags": {},
            "timeouts": null
          },
          "sensitive_attributes": [],
          "private": "eyJlMmJmYjczMC1lY2FhLTExZTYtOGY4OC0zNDM2M2JjN2M0YzAiOnsiY3JlYXRlIjozNjAwMDAwMDAwMDAwLCJkZWxldGUiOjM2MDAwMDAwMDAwMDAsInJlYWQiOjMwMDAwMDAwMDAwMCwidXBkYXRlIjozNjAwMDAwMDAwMDAwfX0=",
          "dependencies": [
            "azurerm_cognitive_account.openai",
            "azurerm_resource_group.rg",
            "azurerm_subnet.subnet",
            "azurerm_virtual_network.vnet"
          ]
        }
      ]
    },
    {
      "mode": "managed",
      "type": "azurerm_resource_group",
      "name": "rg",
      "provider": "provider[\"registry.terraform.io/hashicorp/azurerm\"]",
      "instances": [
        {
          "schema_version": 0,
          "attributes": {
            "id": "/subscriptions/955faad9-ebe9-4a85-9974-acae429ae877/resourceGroups/devops-openai-rg",
            "location": "westus",
            "managed_by": "",
            "name": "devops-openai-rg",
            "tags": {},
            "timeouts": null
          },
          "sensitive_attributes": [],
          "private": "eyJlMmJmYjczMC1lY2FhLTExZTYtOGY4OC0zNDM2M2JjN2M0YzAiOnsiY3JlYXRlIjo1NDAwMDAwMDAwMDAwLCJkZWxldGUiOjU0MDAwMDAwMDAwMDAsInJlYWQiOjMwMDAwMDAwMDAwMCwidXBkYXRlIjo1NDAwMDAwMDAwMDAwfX0="
        }
      ]
    },
    {
      "mode": "managed",
      "type": "azurerm_search_service",
      "name": "search",
      "provider": "provider[\"registry.terraform.io/hashicorp/azurerm\"]",
      "instances": [
        {
          "schema_version": 0,
          "attributes": {
            "allowed_ips": [],
            "authentication_failure_mode": "",
            "customer_managed_key_encryption_compliance_status": "Compliant",
            "customer_managed_key_enforcement_enabled": false,
            "hosting_mode": "default",
            "id": "/subscriptions/955faad9-ebe9-4a85-9974-acae429ae877/resourceGroups/devops-openai-rg/providers/Microsoft.Search/searchServices/devops-search",
            "identity": [],
            "local_authentication_enabled": true,
            "location": "westus",
            "name": "devops-search",
            "network_rule_bypass_option": "None",
            "partition_count": 1,
            "primary_key": "jNuZ1r2NftK65FY8xk9TNrWvgFQz5YAIcPaGvM84LaAzSeDW1ccs",
            "public_network_access_enabled": true,
            "query_keys": [
              {
                "key": "tYLZVOd5IjcG2eUiHxkCfMh0qjm9eI0rh0mIyxmcZAAzSeDtRABE",
                "name": ""
              }
            ],
            "replica_count": 1,
            "resource_group_name": "devops-openai-rg",
            "secondary_key": "ZVmKEV58E3NZ7RosJPJzuz3EqsWjS2JVpn9i4o4almAzSeByIhzC",
            "semantic_search_sku": "",
            "sku": "standard",
            "tags": {},
            "timeouts": null
          },
          "sensitive_attributes": [],
          "private": "eyJlMmJmYjczMC1lY2FhLTExZTYtOGY4OC0zNDM2M2JjN2M0YzAiOnsiY3JlYXRlIjozNjAwMDAwMDAwMDAwLCJkZWxldGUiOjM2MDAwMDAwMDAwMDAsInJlYWQiOjMwMDAwMDAwMDAwMCwidXBkYXRlIjozNjAwMDAwMDAwMDAwfX0=",
          "dependencies": [
            "azurerm_resource_group.rg"
          ]
        }
      ]
    },
    {
      "mode": "managed",
      "type": "azurerm_subnet",
      "name": "subnet",
      "provider": "provider[\"registry.terraform.io/hashicorp/azurerm\"]",
      "instances": [
        {
          "schema_version": 0,
          "attributes": {
            "address_prefixes": [
              "10.0.1.0/24"
            ],
            "default_outbound_access_enabled": true,
            "delegation": [],
            "id": "/subscriptions/955faad9-ebe9-4a85-9974-acae429ae877/resourceGroups/devops-openai-rg/providers/Microsoft.Network/virtualNetworks/devops-vnet/subnets/private-subnet",
            "name": "private-subnet",
            "private_endpoint_network_policies": "Disabled",
            "private_link_service_network_policies_enabled": true,
            "resource_group_name": "devops-openai-rg",
            "service_endpoint_policy_ids": [],
            "service_endpoints": [],
            "timeouts": null,
            "virtual_network_name": "devops-vnet"
          },
          "sensitive_attributes": [],
          "private": "eyJlMmJmYjczMC1lY2FhLTExZTYtOGY4OC0zNDM2M2JjN2M0YzAiOnsiY3JlYXRlIjoxODAwMDAwMDAwMDAwLCJkZWxldGUiOjE4MDAwMDAwMDAwMDAsInJlYWQiOjMwMDAwMDAwMDAwMCwidXBkYXRlIjoxODAwMDAwMDAwMDAwfX0=",
          "dependencies": [
            "azurerm_resource_group.rg",
            "azurerm_virtual_network.vnet"
          ]
        }
      ]
    },
    {
      "mode": "managed",
      "type": "azurerm_virtual_network",
      "name": "vnet",
      "provider": "provider[\"registry.terraform.io/hashicorp/azurerm\"]",
      "instances": [
        {
          "schema_version": 0,
          "attributes": {
            "address_space": [
              "10.0.0.0/16"
            ],
            "bgp_community": "",
            "ddos_protection_plan": [],
            "dns_servers": [],
            "edge_zone": "",
            "encryption": [],
            "flow_timeout_in_minutes": 0,
            "guid": "b74bbd90-b75a-464b-b01f-7b25eb98c710",
            "id": "/subscriptions/955faad9-ebe9-4a85-9974-acae429ae877/resourceGroups/devops-openai-rg/providers/Microsoft.Network/virtualNetworks/devops-vnet",
            "location": "westus",
            "name": "devops-vnet",
            "private_endpoint_vnet_policies": "Disabled",
            "resource_group_name": "devops-openai-rg",
            "subnet": [
              {
                "address_prefixes": [
                  "10.0.1.0/24"
                ],
                "default_outbound_access_enabled": true,
                "delegation": [],
                "id": "/subscriptions/955faad9-ebe9-4a85-9974-acae429ae877/resourceGroups/devops-openai-rg/providers/Microsoft.Network/virtualNetworks/devops-vnet/subnets/private-subnet",
                "name": "private-subnet",
                "private_endpoint_network_policies": "Disabled",
                "private_link_service_network_policies_enabled": true,
                "route_table_id": "",
                "security_group": "",
                "service_endpoint_policy_ids": [],
                "service_endpoints": []
              }
            ],
            "tags": {},
            "timeouts": null
          },
          "sensitive_attributes": [],
          "private": "eyJlMmJmYjczMC1lY2FhLTExZTYtOGY4OC0zNDM2M2JjN2M0YzAiOnsiY3JlYXRlIjoxODAwMDAwMDAwMDAwLCJkZWxldGUiOjE4MDAwMDAwMDAwMDAsInJlYWQiOjMwMDAwMDAwMDAwMCwidXBkYXRlIjoxODAwMDAwMDAwMDAwfX0=",
          "dependencies": [
            "azurerm_resource_group.rg"
          ]
        }
      ]
    }
  ],
  "check_results": null
}
